
Microsoft Visual Studio Solution File, Format Version 12.00
# Visual Studio Version 17
VisualStudioVersion = 17.1.32228.430
MinimumVisualStudioVersion = 10.0.40219.1
Project("{FAE04EC0-301F-11D3-BF4B-00C04F79EFBC}") = "Authorization with captcha", "Authorization with captcha\Authorization with captcha.csproj", "{CBE1EEDB-1C60-4C78-AD6F-01E78BF40F8E}"
EndProject
Global
	GlobalSection(SolutionConfigurationPlatforms) = preSolution
		Debug|Any CPU = Debug|Any CPU
		Release|Any CPU = Release|Any CPU
	EndGlobalSection
	GlobalSection(ProjectConfigurationPlatforms) = postSolution
		{CBE1EEDB-1C60-4C78-AD6F-01E78BF40F8E}.Debug|Any CPU.ActiveCfg = Debug|Any CPU
		{CBE1EEDB-1C60-4C78-AD6F-01E78BF40F8E}.Debug|Any CPU.Build.0 = Debug|Any CPU
		{CBE1EEDB-1C60-4C78-AD6F-01E78BF40F8E}.Release|Any CPU.ActiveCfg = Release|Any CPU
		{CBE1EEDB-1C60-4C78-AD6F-01E78BF40F8E}.Release|Any CPU.Build.0 = Release|Any CPU
	EndGlobalSection
	GlobalSection(SolutionProperties) = preSolution
		HideSolutionNode = FALSE
	EndGlobalSection
	GlobalSection(ExtensibilityGlobals) = postSolution
		SolutionGuid = {F0D18250-5A87-48B9-9E4E-D58601325B83}
	EndGlobalSection
EndGlobal
